// !$*UTF8*$!
{
	archiveVersion = 1;
	classes = {
	};
	objectVersion = 60;
	objects = {

/* Begin PBXBuildFile section */
		62076BB52BAF7C77008A7EF4 /* CharactersModule in Frameworks */ = {isa = PBXBuildFile; productRef = 62076BB42BAF7C77008A7EF4 /* CharactersModule */; };
		62076BB72BAF7C92008A7EF4 /* CharactersModule in Frameworks */ = {isa = PBXBuildFile; productRef = 62076BB62BAF7C92008A7EF4 /* CharactersModule */; };
		62076BB92BAF7CBF008A7EF4 /* Network in Frameworks */ = {isa = PBXBuildFile; productRef = 62076BB82BAF7CBF008A7EF4 /* Network */; };
		6223CCEE2B6FAF3300E85EC4 /* AppDelegate.swift in Sources */ = {isa = PBXBuildFile; fileRef = 6223CCED2B6FAF3300E85EC4 /* AppDelegate.swift */; };
		6223CCF72B6FAF3500E85EC4 /* Assets.xcassets in Resources */ = {isa = PBXBuildFile; fileRef = 6223CCF62B6FAF3500E85EC4 /* Assets.xcassets */; };
		6223CCFA2B6FAF3500E85EC4 /* LaunchScreen.storyboard in Resources */ = {isa = PBXBuildFile; fileRef = 6223CCF82B6FAF3500E85EC4 /* LaunchScreen.storyboard */; };
		622528332B77CD7E00CB0443 /* UICollectionView+Extensions.swift in Sources */ = {isa = PBXBuildFile; fileRef = 622528322B77CD7E00CB0443 /* UICollectionView+Extensions.swift */; };
		622528362B7ABBA800CB0443 /* AppCoordinator.swift in Sources */ = {isa = PBXBuildFile; fileRef = 622528352B7ABBA800CB0443 /* AppCoordinator.swift */; };
		6268947F2BAA1B0400D3514D /* AppDelegate.swift in Sources */ = {isa = PBXBuildFile; fileRef = 6268947E2BAA1B0400D3514D /* AppDelegate.swift */; };
		626894882BAA1B0500D3514D /* Assets.xcassets in Resources */ = {isa = PBXBuildFile; fileRef = 626894872BAA1B0500D3514D /* Assets.xcassets */; };
		6268948B2BAA1B0500D3514D /* LaunchScreen.storyboard in Resources */ = {isa = PBXBuildFile; fileRef = 626894892BAA1B0500D3514D /* LaunchScreen.storyboard */; };
		626894932BAA2CE300D3514D /* Network in Frameworks */ = {isa = PBXBuildFile; productRef = 626894922BAA2CE300D3514D /* Network */; };
		62A6FE5B2B8B6C0400127EF4 /* AppConfiguration.swift in Sources */ = {isa = PBXBuildFile; fileRef = 62A6FE5A2B8B6C0400127EF4 /* AppConfiguration.swift */; };
		62D875F52B9CD2EF004519FF /* AppDIContainer.swift in Sources */ = {isa = PBXBuildFile; fileRef = 62D875F42B9CD2EF004519FF /* AppDIContainer.swift */; };
		62EA4D8B2BC170C900EF7D3D /* Network in Frameworks */ = {isa = PBXBuildFile; productRef = 62EA4D8A2BC170C900EF7D3D /* Network */; };
/* End PBXBuildFile section */

/* Begin PBXFileReference section */
		6223CCEA2B6FAF3300E85EC4 /* MVVMC+Combine.app */ = {isa = PBXFileReference; explicitFileType = wrapper.application; includeInIndex = 0; path = "MVVMC+Combine.app"; sourceTree = BUILT_PRODUCTS_DIR; };
		6223CCED2B6FAF3300E85EC4 /* AppDelegate.swift */ = {isa = PBXFileReference; lastKnownFileType = sourcecode.swift; path = AppDelegate.swift; sourceTree = "<group>"; };
		6223CCF62B6FAF3500E85EC4 /* Assets.xcassets */ = {isa = PBXFileReference; lastKnownFileType = folder.assetcatalog; path = Assets.xcassets; sourceTree = "<group>"; };
		6223CCF92B6FAF3500E85EC4 /* Base */ = {isa = PBXFileReference; lastKnownFileType = file.storyboard; name = Base; path = Base.lproj/LaunchScreen.storyboard; sourceTree = "<group>"; };
		6223CCFB2B6FAF3500E85EC4 /* Info.plist */ = {isa = PBXFileReference; lastKnownFileType = text.plist.xml; path = Info.plist; sourceTree = "<group>"; };
		6223CD012B6FC9BC00E85EC4 /* Network */ = {isa = PBXFileReference; lastKnownFileType = wrapper; path = Network; sourceTree = "<group>"; };
		622528322B77CD7E00CB0443 /* UICollectionView+Extensions.swift */ = {isa = PBXFileReference; lastKnownFileType = sourcecode.swift; path = "UICollectionView+Extensions.swift"; sourceTree = "<group>"; };
		622528352B7ABBA800CB0443 /* AppCoordinator.swift */ = {isa = PBXFileReference; lastKnownFileType = sourcecode.swift; path = AppCoordinator.swift; sourceTree = "<group>"; };
		626894572BA9CBDA00D3514D /* CharactersModule */ = {isa = PBXFileReference; lastKnownFileType = wrapper; path = CharactersModule; sourceTree = "<group>"; };
		6268947C2BAA1B0400D3514D /* CharactersTarget.app */ = {isa = PBXFileReference; explicitFileType = wrapper.application; includeInIndex = 0; path = CharactersTarget.app; sourceTree = BUILT_PRODUCTS_DIR; };
		6268947E2BAA1B0400D3514D /* AppDelegate.swift */ = {isa = PBXFileReference; lastKnownFileType = sourcecode.swift; path = AppDelegate.swift; sourceTree = "<group>"; };
		626894872BAA1B0500D3514D /* Assets.xcassets */ = {isa = PBXFileReference; lastKnownFileType = folder.assetcatalog; path = Assets.xcassets; sourceTree = "<group>"; };
		6268948A2BAA1B0500D3514D /* Base */ = {isa = PBXFileReference; lastKnownFileType = file.storyboard; name = Base; path = Base.lproj/LaunchScreen.storyboard; sourceTree = "<group>"; };
		6268948C2BAA1B0500D3514D /* Info.plist */ = {isa = PBXFileReference; lastKnownFileType = text.plist.xml; path = Info.plist; sourceTree = "<group>"; };
		62A6FE5A2B8B6C0400127EF4 /* AppConfiguration.swift */ = {isa = PBXFileReference; lastKnownFileType = sourcecode.swift; path = AppConfiguration.swift; sourceTree = "<group>"; };
		62D875F42B9CD2EF004519FF /* AppDIContainer.swift */ = {isa = PBXFileReference; lastKnownFileType = sourcecode.swift; path = AppDIContainer.swift; sourceTree = "<group>"; };
/* End PBXFileReference section */

/* Begin PBXFrameworksBuildPhase section */
		6223CCE72B6FAF3300E85EC4 /* Frameworks */ = {
			isa = PBXFrameworksBuildPhase;
			buildActionMask = 2147483647;
			files = (
				62EA4D8B2BC170C900EF7D3D /* Network in Frameworks */,
				62076BB72BAF7C92008A7EF4 /* CharactersModule in Frameworks */,
				62076BB92BAF7CBF008A7EF4 /* Network in Frameworks */,
			);
			runOnlyForDeploymentPostprocessing = 0;
		};
		626894792BAA1B0400D3514D /* Frameworks */ = {
			isa = PBXFrameworksBuildPhase;
			buildActionMask = 2147483647;
			files = (
				62076BB52BAF7C77008A7EF4 /* CharactersModule in Frameworks */,
				626894932BAA2CE300D3514D /* Network in Frameworks */,
			);
			runOnlyForDeploymentPostprocessing = 0;
		};
/* End PBXFrameworksBuildPhase section */

/* Begin PBXGroup section */
		6223CCE12B6FAF3300E85EC4 = {
			isa = PBXGroup;
			children = (
				626894572BA9CBDA00D3514D /* CharactersModule */,
				6223CD012B6FC9BC00E85EC4 /* Network */,
				6223CCEC2B6FAF3300E85EC4 /* MVVMC+Combine */,
				6268947D2BAA1B0400D3514D /* CharactersTarget */,
				6223CCEB2B6FAF3300E85EC4 /* Products */,
				6223CD072B6FCB0C00E85EC4 /* Frameworks */,
			);
			sourceTree = "<group>";
		};
		6223CCEB2B6FAF3300E85EC4 /* Products */ = {
			isa = PBXGroup;
			children = (
				6223CCEA2B6FAF3300E85EC4 /* MVVMC+Combine.app */,
				6268947C2BAA1B0400D3514D /* CharactersTarget.app */,
			);
			name = Products;
			sourceTree = "<group>";
		};
		6223CCEC2B6FAF3300E85EC4 /* MVVMC+Combine */ = {
			isa = PBXGroup;
			children = (
				62D875F62B9CF03A004519FF /* Common */,
				62D875F12B9CD001004519FF /* App */,
				622528312B77CD6900CB0443 /* Extensions */,
				62A6FE5A2B8B6C0400127EF4 /* AppConfiguration.swift */,
				6223CCF62B6FAF3500E85EC4 /* Assets.xcassets */,
				6223CCF82B6FAF3500E85EC4 /* LaunchScreen.storyboard */,
				6223CCFB2B6FAF3500E85EC4 /* Info.plist */,
			);
			path = "MVVMC+Combine";
			sourceTree = "<group>";
		};
		6223CD072B6FCB0C00E85EC4 /* Frameworks */ = {
			isa = PBXGroup;
			children = (
			);
			name = Frameworks;
			sourceTree = "<group>";
		};
		622528312B77CD6900CB0443 /* Extensions */ = {
			isa = PBXGroup;
			children = (
				622528322B77CD7E00CB0443 /* UICollectionView+Extensions.swift */,
			);
			path = Extensions;
			sourceTree = "<group>";
		};
		6268947D2BAA1B0400D3514D /* CharactersTarget */ = {
			isa = PBXGroup;
			children = (
				6268947E2BAA1B0400D3514D /* AppDelegate.swift */,
				626894872BAA1B0500D3514D /* Assets.xcassets */,
				626894892BAA1B0500D3514D /* LaunchScreen.storyboard */,
				6268948C2BAA1B0500D3514D /* Info.plist */,
			);
			path = CharactersTarget;
			sourceTree = "<group>";
		};
		62D875F12B9CD001004519FF /* App */ = {
			isa = PBXGroup;
			children = (
				6223CCED2B6FAF3300E85EC4 /* AppDelegate.swift */,
				62D875F42B9CD2EF004519FF /* AppDIContainer.swift */,
				622528352B7ABBA800CB0443 /* AppCoordinator.swift */,
			);
			path = App;
			sourceTree = "<group>";
		};
		62D875F62B9CF03A004519FF /* Common */ = {
			isa = PBXGroup;
			children = (
			);
			path = Common;
			sourceTree = "<group>";
		};
/* End PBXGroup section */

/* Begin PBXNativeTarget section */
		6223CCE92B6FAF3300E85EC4 /* MVVMC+Combine */ = {
			isa = PBXNativeTarget;
			buildConfigurationList = 6223CCFE2B6FAF3500E85EC4 /* Build configuration list for PBXNativeTarget "MVVMC+Combine" */;
			buildPhases = (
				6223CCE62B6FAF3300E85EC4 /* Sources */,
				6223CCE72B6FAF3300E85EC4 /* Frameworks */,
				6223CCE82B6FAF3300E85EC4 /* Resources */,
			);
			buildRules = (
			);
			dependencies = (
			);
			name = "MVVMC+Combine";
			packageProductDependencies = (
				62076BB62BAF7C92008A7EF4 /* CharactersModule */,
				62076BB82BAF7CBF008A7EF4 /* Network */,
				62EA4D8A2BC170C900EF7D3D /* Network */,
			);
			productName = "MVVMC+Combine";
			productReference = 6223CCEA2B6FAF3300E85EC4 /* MVVMC+Combine.app */;
			productType = "com.apple.product-type.application";
		};
		6268947B2BAA1B0400D3514D /* CharactersTarget */ = {
			isa = PBXNativeTarget;
			buildConfigurationList = 6268948D2BAA1B0500D3514D /* Build configuration list for PBXNativeTarget "CharactersTarget" */;
			buildPhases = (
				626894782BAA1B0400D3514D /* Sources */,
				626894792BAA1B0400D3514D /* Frameworks */,
				6268947A2BAA1B0400D3514D /* Resources */,
			);
			buildRules = (
			);
			dependencies = (
			);
			name = CharactersTarget;
			packageProductDependencies = (
				626894922BAA2CE300D3514D /* Network */,
				62076BB42BAF7C77008A7EF4 /* CharactersModule */,
			);
			productName = CharactersTarget;
			productReference = 6268947C2BAA1B0400D3514D /* CharactersTarget.app */;
			productType = "com.apple.product-type.application";
		};
/* End PBXNativeTarget section */

/* Begin PBXProject section */
		6223CCE22B6FAF3300E85EC4 /* Project object */ = {
			isa = PBXProject;
			attributes = {
				BuildIndependentTargetsInParallel = 1;
				LastSwiftUpdateCheck = 1520;
				LastUpgradeCheck = 1520;
				TargetAttributes = {
					6223CCE92B6FAF3300E85EC4 = {
						CreatedOnToolsVersion = 15.2;
					};
					6268947B2BAA1B0400D3514D = {
						CreatedOnToolsVersion = 15.2;
					};
				};
			};
			buildConfigurationList = 6223CCE52B6FAF3300E85EC4 /* Build configuration list for PBXProject "MVVMC+Combine" */;
			compatibilityVersion = "Xcode 14.0";
			developmentRegion = en;
			hasScannedForEncodings = 0;
			knownRegions = (
				en,
				Base,
			);
			mainGroup = 6223CCE12B6FAF3300E85EC4;
			packageReferences = (
				62EA4D892BC170C900EF7D3D /* XCLocalSwiftPackageReference "Network" */,
			);
			productRefGroup = 6223CCEB2B6FAF3300E85EC4 /* Products */;
			projectDirPath = "";
			projectRoot = "";
			targets = (
				6223CCE92B6FAF3300E85EC4 /* MVVMC+Combine */,
				6268947B2BAA1B0400D3514D /* CharactersTarget */,
			);
		};
/* End PBXProject section */

/* Begin PBXResourcesBuildPhase section */
		6223CCE82B6FAF3300E85EC4 /* Resources */ = {
			isa = PBXResourcesBuildPhase;
			buildActionMask = 2147483647;
			files = (
				6223CCFA2B6FAF3500E85EC4 /* LaunchScreen.storyboard in Resources */,
				6223CCF72B6FAF3500E85EC4 /* Assets.xcassets in Resources */,
			);
			runOnlyForDeploymentPostprocessing = 0;
		};
		6268947A2BAA1B0400D3514D /* Resources */ = {
			isa = PBXResourcesBuildPhase;
			buildActionMask = 2147483647;
			files = (
				6268948B2BAA1B0500D3514D /* LaunchScreen.storyboard in Resources */,
				626894882BAA1B0500D3514D /* Assets.xcassets in Resources */,
			);
			runOnlyForDeploymentPostprocessing = 0;
		};
/* End PBXResourcesBuildPhase section */

/* Begin PBXSourcesBuildPhase section */
		6223CCE62B6FAF3300E85EC4 /* Sources */ = {
			isa = PBXSourcesBuildPhase;
			buildActionMask = 2147483647;
			files = (
				62A6FE5B2B8B6C0400127EF4 /* AppConfiguration.swift in Sources */,
				622528332B77CD7E00CB0443 /* UICollectionView+Extensions.swift in Sources */,
				6223CCEE2B6FAF3300E85EC4 /* AppDelegate.swift in Sources */,
				62D875F52B9CD2EF004519FF /* AppDIContainer.swift in Sources */,
				622528362B7ABBA800CB0443 /* AppCoordinator.swift in Sources */,
			);
			runOnlyForDeploymentPostprocessing = 0;
		};
		626894782BAA1B0400D3514D /* Sources */ = {
			isa = PBXSourcesBuildPhase;
			buildActionMask = 2147483647;
			files = (
				6268947F2BAA1B0400D3514D /* AppDelegate.swift in Sources */,
			);
			runOnlyForDeploymentPostprocessing = 0;
		};
/* End PBXSourcesBuildPhase section */

/* Begin PBXVariantGroup section */
		6223CCF82B6FAF3500E85EC4 /* LaunchScreen.storyboard */ = {
			isa = PBXVariantGroup;
			children = (
				6223CCF92B6FAF3500E85EC4 /* Base */,
			);
			name = LaunchScreen.storyboard;
			sourceTree = "<group>";
		};
		626894892BAA1B0500D3514D /* LaunchScreen.storyboard */ = {
			isa = PBXVariantGroup;
			children = (
				6268948A2BAA1B0500D3514D /* Base */,
			);
			name = LaunchScreen.storyboard;
			sourceTree = "<group>";
		};
/* End PBXVariantGroup section */

/* Begin XCBuildConfiguration section */
		6223CCFC2B6FAF3500E85EC4 /* Debug */ = {
			isa = XCBuildConfiguration;
			buildSettings = {
				ALWAYS_SEARCH_USER_PATHS = NO;
				ASSETCATALOG_COMPILER_GENERATE_SWIFT_ASSET_SYMBOL_EXTENSIONS = YES;
				CLANG_ANALYZER_NONNULL = YES;
				CLANG_ANALYZER_NUMBER_OBJECT_CONVERSION = YES_AGGRESSIVE;
				CLANG_CXX_LANGUAGE_STANDARD = "gnu++20";
				CLANG_ENABLE_MODULES = YES;
				CLANG_ENABLE_OBJC_ARC = YES;
				CLANG_ENABLE_OBJC_WEAK = YES;
				CLANG_WARN_BLOCK_CAPTURE_AUTORELEASING = YES;
				CLANG_WARN_BOOL_CONVERSION = YES;
				CLANG_WARN_COMMA = YES;
				CLANG_WARN_CONSTANT_CONVERSION = YES;
				CLANG_WARN_DEPRECATED_OBJC_IMPLEMENTATIONS = YES;
				CLANG_WARN_DIRECT_OBJC_ISA_USAGE = YES_ERROR;
				CLANG_WARN_DOCUMENTATION_COMMENTS = YES;
				CLANG_WARN_EMPTY_BODY = YES;
				CLANG_WARN_ENUM_CONVERSION = YES;
				CLANG_WARN_INFINITE_RECURSION = YES;
				CLANG_WARN_INT_CONVERSION = YES;
				CLANG_WARN_NON_LITERAL_NULL_CONVERSION = YES;
				CLANG_WARN_OBJC_IMPLICIT_RETAIN_SELF = YES;
				CLANG_WARN_OBJC_LITERAL_CONVERSION = YES;
				CLANG_WARN_OBJC_ROOT_CLASS = YES_ERROR;
				CLANG_WARN_QUOTED_INCLUDE_IN_FRAMEWORK_HEADER = YES;
				CLANG_WARN_RANGE_LOOP_ANALYSIS = YES;
				CLANG_WARN_STRICT_PROTOTYPES = YES;
				CLANG_WARN_SUSPICIOUS_MOVE = YES;
				CLANG_WARN_UNGUARDED_AVAILABILITY = YES_AGGRESSIVE;
				CLANG_WARN_UNREACHABLE_CODE = YES;
				CLANG_WARN__DUPLICATE_METHOD_MATCH = YES;
				COPY_PHASE_STRIP = NO;
				DEBUG_INFORMATION_FORMAT = dwarf;
				ENABLE_STRICT_OBJC_MSGSEND = YES;
				ENABLE_TESTABILITY = YES;
				ENABLE_USER_SCRIPT_SANDBOXING = YES;
				GCC_C_LANGUAGE_STANDARD = gnu17;
				GCC_DYNAMIC_NO_PIC = NO;
				GCC_NO_COMMON_BLOCKS = YES;
				GCC_OPTIMIZATION_LEVEL = 0;
				GCC_PREPROCESSOR_DEFINITIONS = (
					"DEBUG=1",
					"$(inherited)",
				);
				GCC_WARN_64_TO_32_BIT_CONVERSION = YES;
				GCC_WARN_ABOUT_RETURN_TYPE = YES_ERROR;
				GCC_WARN_UNDECLARED_SELECTOR = YES;
				GCC_WARN_UNINITIALIZED_AUTOS = YES_AGGRESSIVE;
				GCC_WARN_UNUSED_FUNCTION = YES;
				GCC_WARN_UNUSED_VARIABLE = YES;
				IPHONEOS_DEPLOYMENT_TARGET = 17.2;
				LOCALIZATION_PREFERS_STRING_CATALOGS = YES;
				MTL_ENABLE_DEBUG_INFO = INCLUDE_SOURCE;
				MTL_FAST_MATH = YES;
				ONLY_ACTIVE_ARCH = YES;
				SDKROOT = iphoneos;
				SWIFT_ACTIVE_COMPILATION_CONDITIONS = "DEBUG $(inherited)";
				SWIFT_OPTIMIZATION_LEVEL = "-Onone";
			};
			name = Debug;
		};
		6223CCFD2B6FAF3500E85EC4 /* Release */ = {
			isa = XCBuildConfiguration;
			buildSettings = {
				ALWAYS_SEARCH_USER_PATHS = NO;
				ASSETCATALOG_COMPILER_GENERATE_SWIFT_ASSET_SYMBOL_EXTENSIONS = YES;
				CLANG_ANALYZER_NONNULL = YES;
				CLANG_ANALYZER_NUMBER_OBJECT_CONVERSION = YES_AGGRESSIVE;
				CLANG_CXX_LANGUAGE_STANDARD = "gnu++20";
				CLANG_ENABLE_MODULES = YES;
				CLANG_ENABLE_OBJC_ARC = YES;
				CLANG_ENABLE_OBJC_WEAK = YES;
				CLANG_WARN_BLOCK_CAPTURE_AUTORELEASING = YES;
				CLANG_WARN_BOOL_CONVERSION = YES;
				CLANG_WARN_COMMA = YES;
				CLANG_WARN_CONSTANT_CONVERSION = YES;
				CLANG_WARN_DEPRECATED_OBJC_IMPLEMENTATIONS = YES;
				CLANG_WARN_DIRECT_OBJC_ISA_USAGE = YES_ERROR;
				CLANG_WARN_DOCUMENTATION_COMMENTS = YES;
				CLANG_WARN_EMPTY_BODY = YES;
				CLANG_WARN_ENUM_CONVERSION = YES;
				CLANG_WARN_INFINITE_RECURSION = YES;
				CLANG_WARN_INT_CONVERSION = YES;
				CLANG_WARN_NON_LITERAL_NULL_CONVERSION = YES;
				CLANG_WARN_OBJC_IMPLICIT_RETAIN_SELF = YES;
				CLANG_WARN_OBJC_LITERAL_CONVERSION = YES;
				CLANG_WARN_OBJC_ROOT_CLASS = YES_ERROR;
				CLANG_WARN_QUOTED_INCLUDE_IN_FRAMEWORK_HEADER = YES;
				CLANG_WARN_RANGE_LOOP_ANALYSIS = YES;
				CLANG_WARN_STRICT_PROTOTYPES = YES;
				CLANG_WARN_SUSPICIOUS_MOVE = YES;
				CLANG_WARN_UNGUARDED_AVAILABILITY = YES_AGGRESSIVE;
				CLANG_WARN_UNREACHABLE_CODE = YES;
				CLANG_WARN__DUPLICATE_METHOD_MATCH = YES;
				COPY_PHASE_STRIP = NO;
				DEBUG_INFORMATION_FORMAT = "dwarf-with-dsym";
				ENABLE_NS_ASSERTIONS = NO;
				ENABLE_STRICT_OBJC_MSGSEND = YES;
				ENABLE_USER_SCRIPT_SANDBOXING = YES;
				GCC_C_LANGUAGE_STANDARD = gnu17;
				GCC_NO_COMMON_BLOCKS = YES;
				GCC_WARN_64_TO_32_BIT_CONVERSION = YES;
				GCC_WARN_ABOUT_RETURN_TYPE = YES_ERROR;
				GCC_WARN_UNDECLARED_SELECTOR = YES;
				GCC_WARN_UNINITIALIZED_AUTOS = YES_AGGRESSIVE;
				GCC_WARN_UNUSED_FUNCTION = YES;
				GCC_WARN_UNUSED_VARIABLE = YES;
				IPHONEOS_DEPLOYMENT_TARGET = 17.2;
				LOCALIZATION_PREFERS_STRING_CATALOGS = YES;
				MTL_ENABLE_DEBUG_INFO = NO;
				MTL_FAST_MATH = YES;
				SDKROOT = iphoneos;
				SWIFT_COMPILATION_MODE = wholemodule;
				VALIDATE_PRODUCT = YES;
			};
			name = Release;
		};
		6223CCFF2B6FAF3500E85EC4 /* Debug */ = {
			isa = XCBuildConfiguration;
			buildSettings = {
				ASSETCATALOG_COMPILER_APPICON_NAME = AppIcon;
				ASSETCATALOG_COMPILER_GLOBAL_ACCENT_COLOR_NAME = AccentColor;
				CODE_SIGN_STYLE = Automatic;
				CURRENT_PROJECT_VERSION = 1;
				DEVELOPMENT_TEAM = 4N54622VDX;
				GENERATE_INFOPLIST_FILE = YES;
				INFOPLIST_FILE = "MVVMC+Combine/Info.plist";
				INFOPLIST_KEY_UIApplicationSupportsIndirectInputEvents = YES;
				INFOPLIST_KEY_UILaunchStoryboardName = LaunchScreen;
				INFOPLIST_KEY_UISupportedInterfaceOrientations = UIInterfaceOrientationPortrait;
				INFOPLIST_KEY_UISupportedInterfaceOrientations_iPad = "UIInterfaceOrientationLandscapeLeft UIInterfaceOrientationLandscapeRight UIInterfaceOrientationPortrait UIInterfaceOrientationPortraitUpsideDown";
				IPHONEOS_DEPLOYMENT_TARGET = 16.0;
				LD_RUNPATH_SEARCH_PATHS = (
					"$(inherited)",
					"@executable_path/Frameworks",
				);
				MARKETING_VERSION = 1.0;
				PRODUCT_BUNDLE_IDENTIFIER = "com.dav.MVVMC-Combine";
				PRODUCT_NAME = "$(TARGET_NAME)";
				SUPPORTED_PLATFORMS = "iphoneos iphonesimulator";
				SUPPORTS_MACCATALYST = NO;
				SUPPORTS_MAC_DESIGNED_FOR_IPHONE_IPAD = NO;
				SUPPORTS_XR_DESIGNED_FOR_IPHONE_IPAD = NO;
				SWIFT_EMIT_LOC_STRINGS = YES;
				SWIFT_VERSION = 5.0;
				TARGETED_DEVICE_FAMILY = 1;
			};
			name = Debug;
		};
		6223CD002B6FAF3500E85EC4 /* Release */ = {
			isa = XCBuildConfiguration;
			buildSettings = {
				ASSETCATALOG_COMPILER_APPICON_NAME = AppIcon;
				ASSETCATALOG_COMPILER_GLOBAL_ACCENT_COLOR_NAME = AccentColor;
				CODE_SIGN_STYLE = Automatic;
				CURRENT_PROJECT_VERSION = 1;
				DEVELOPMENT_TEAM = 4N54622VDX;
				GENERATE_INFOPLIST_FILE = YES;
				INFOPLIST_FILE = "MVVMC+Combine/Info.plist";
				INFOPLIST_KEY_UIApplicationSupportsIndirectInputEvents = YES;
				INFOPLIST_KEY_UILaunchStoryboardName = LaunchScreen;
				INFOPLIST_KEY_UISupportedInterfaceOrientations = UIInterfaceOrientationPortrait;
				INFOPLIST_KEY_UISupportedInterfaceOrientations_iPad = "UIInterfaceOrientationLandscapeLeft UIInterfaceOrientationLandscapeRight UIInterfaceOrientationPortrait UIInterfaceOrientationPortraitUpsideDown";
				IPHONEOS_DEPLOYMENT_TARGET = 16.0;
				LD_RUNPATH_SEARCH_PATHS = (
					"$(inherited)",
					"@executable_path/Frameworks",
				);
				MARKETING_VERSION = 1.0;
				PRODUCT_BUNDLE_IDENTIFIER = "com.dav.MVVMC-Combine";
				PRODUCT_NAME = "$(TARGET_NAME)";
				SUPPORTED_PLATFORMS = "iphoneos iphonesimulator";
				SUPPORTS_MACCATALYST = NO;
				SUPPORTS_MAC_DESIGNED_FOR_IPHONE_IPAD = NO;
				SUPPORTS_XR_DESIGNED_FOR_IPHONE_IPAD = NO;
				SWIFT_EMIT_LOC_STRINGS = YES;
				SWIFT_VERSION = 5.0;
				TARGETED_DEVICE_FAMILY = 1;
			};
			name = Release;
		};
		6268948E2BAA1B0500D3514D /* Debug */ = {
			isa = XCBuildConfiguration;
			buildSettings = {
				ASSETCATALOG_COMPILER_APPICON_NAME = AppIcon;
				ASSETCATALOG_COMPILER_GLOBAL_ACCENT_COLOR_NAME = AccentColor;
				CODE_SIGN_STYLE = Automatic;
				CURRENT_PROJECT_VERSION = 1;
				DEVELOPMENT_TEAM = 4N54622VDX;
				GENERATE_INFOPLIST_FILE = YES;
				INFOPLIST_FILE = CharactersTarget/Info.plist;
				INFOPLIST_KEY_UIApplicationSupportsIndirectInputEvents = YES;
				INFOPLIST_KEY_UILaunchStoryboardName = LaunchScreen;
				INFOPLIST_KEY_UISupportedInterfaceOrientations = UIInterfaceOrientationPortrait;
				INFOPLIST_KEY_UISupportedInterfaceOrientations_iPad = "UIInterfaceOrientationLandscapeLeft UIInterfaceOrientationLandscapeRight UIInterfaceOrientationPortrait UIInterfaceOrientationPortraitUpsideDown";
				IPHONEOS_DEPLOYMENT_TARGET = 16.0;
				LD_RUNPATH_SEARCH_PATHS = (
					"$(inherited)",
					"@executable_path/Frameworks",
				);
				MARKETING_VERSION = 1.0;
				PRODUCT_BUNDLE_IDENTIFIER = com.dav.CharactersTarget;
				PRODUCT_NAME = "$(TARGET_NAME)";
				SUPPORTED_PLATFORMS = "iphoneos iphonesimulator";
				SUPPORTS_MACCATALYST = NO;
				SUPPORTS_MAC_DESIGNED_FOR_IPHONE_IPAD = NO;
				SUPPORTS_XR_DESIGNED_FOR_IPHONE_IPAD = NO;
				SWIFT_EMIT_LOC_STRINGS = YES;
				SWIFT_VERSION = 5.0;
				TARGETED_DEVICE_FAMILY = 1;
			};
			name = Debug;
		};
		6268948F2BAA1B0500D3514D /* Release */ = {
			isa = XCBuildConfiguration;
			buildSettings = {
				ASSETCATALOG_COMPILER_APPICON_NAME = AppIcon;
				ASSETCATALOG_COMPILER_GLOBAL_ACCENT_COLOR_NAME = AccentColor;
				CODE_SIGN_STYLE = Automatic;
				CURRENT_PROJECT_VERSION = 1;
				DEVELOPMENT_TEAM = 4N54622VDX;
				GENERATE_INFOPLIST_FILE = YES;
				INFOPLIST_FILE = CharactersTarget/Info.plist;
				INFOPLIST_KEY_UIApplicationSupportsIndirectInputEvents = YES;
				INFOPLIST_KEY_UILaunchStoryboardName = LaunchScreen;
				INFOPLIST_KEY_UISupportedInterfaceOrientations = UIInterfaceOrientationPortrait;
				INFOPLIST_KEY_UISupportedInterfaceOrientations_iPad = "UIInterfaceOrientationLandscapeLeft UIInterfaceOrientationLandscapeRight UIInterfaceOrientationPortrait UIInterfaceOrientationPortraitUpsideDown";
				IPHONEOS_DEPLOYMENT_TARGET = 16.0;
				LD_RUNPATH_SEARCH_PATHS = (
					"$(inherited)",
					"@executable_path/Frameworks",
				);
				MARKETING_VERSION = 1.0;
				PRODUCT_BUNDLE_IDENTIFIER = com.dav.CharactersTarget;
				PRODUCT_NAME = "$(TARGET_NAME)";
				SUPPORTED_PLATFORMS = "iphoneos iphonesimulator";
				SUPPORTS_MACCATALYST = NO;
				SUPPORTS_MAC_DESIGNED_FOR_IPHONE_IPAD = NO;
				SUPPORTS_XR_DESIGNED_FOR_IPHONE_IPAD = NO;
				SWIFT_EMIT_LOC_STRINGS = YES;
				SWIFT_VERSION = 5.0;
				TARGETED_DEVICE_FAMILY = 1;
			};
			name = Release;
		};
/* End XCBuildConfiguration section */

/* Begin XCConfigurationList section */
		6223CCE52B6FAF3300E85EC4 /* Build configuration list for PBXProject "MVVMC+Combine" */ = {
			isa = XCConfigurationList;
			buildConfigurations = (
				6223CCFC2B6FAF3500E85EC4 /* Debug */,
				6223CCFD2B6FAF3500E85EC4 /* Release */,
			);
			defaultConfigurationIsVisible = 0;
			defaultConfigurationName = Release;
		};
		6223CCFE2B6FAF3500E85EC4 /* Build configuration list for PBXNativeTarget "MVVMC+Combine" */ = {
			isa = XCConfigurationList;
			buildConfigurations = (
				6223CCFF2B6FAF3500E85EC4 /* Debug */,
				6223CD002B6FAF3500E85EC4 /* Release */,
			);
			defaultConfigurationIsVisible = 0;
			defaultConfigurationName = Release;
		};
		6268948D2BAA1B0500D3514D /* Build configuration list for PBXNativeTarget "CharactersTarget" */ = {
			isa = XCConfigurationList;
			buildConfigurations = (
				6268948E2BAA1B0500D3514D /* Debug */,
				6268948F2BAA1B0500D3514D /* Release */,
			);
			defaultConfigurationIsVisible = 0;
			defaultConfigurationName = Release;
		};
/* End XCConfigurationList section */

/* Begin XCLocalSwiftPackageReference section */
		62EA4D892BC170C900EF7D3D /* XCLocalSwiftPackageReference "Network" */ = {
			isa = XCLocalSwiftPackageReference;
			relativePath = Network;
		};
/* End XCLocalSwiftPackageReference section */

/* Begin XCSwiftPackageProductDependency section */
		62076BB42BAF7C77008A7EF4 /* CharactersModule */ = {
			isa = XCSwiftPackageProductDependency;
			productName = CharactersModule;
		};
		62076BB62BAF7C92008A7EF4 /* CharactersModule */ = {
			isa = XCSwiftPackageProductDependency;
			productName = CharactersModule;
		};
		62076BB82BAF7CBF008A7EF4 /* Network */ = {
			isa = XCSwiftPackageProductDependency;
			productName = Network;
		};
		626894922BAA2CE300D3514D /* Network */ = {
			isa = XCSwiftPackageProductDependency;
			productName = Network;
		};
		62EA4D8A2BC170C900EF7D3D /* Network */ = {
			isa = XCSwiftPackageProductDependency;
			productName = Network;
		};
/* End XCSwiftPackageProductDependency section */
	};
	rootObject = 6223CCE22B6FAF3300E85EC4 /* Project object */;
}
